
Microsoft Visual Studio Solution File, Format Version 12.00
# Visual Studio Version 17
VisualStudioVersion = 17.8.34330.188
MinimumVisualStudioVersion = 10.0.40219.1
Project("{FAE04EC0-301F-11D3-BF4B-00C04F79EFBC}") = "BedTrack", "BedTrack\BedTrack.csproj", "{1D885866-2FA3-405E-A73F-13D98E308118}"
EndProject
Global
	GlobalSection(SolutionConfigurationPlatforms) = preSolution
		Debug|Any CPU = Debug|Any CPU
		Release|Any CPU = Release|Any CPU
	EndGlobalSection
	GlobalSection(ProjectConfigurationPlatforms) = postSolution
		{1D885866-2FA3-405E-A73F-13D98E308118}.Debug|Any CPU.ActiveCfg = Debug|Any CPU
		{1D885866-2FA3-405E-A73F-13D98E308118}.Debug|Any CPU.Build.0 = Debug|Any CPU
		{1D885866-2FA3-405E-A73F-13D98E308118}.Release|Any CPU.ActiveCfg = Release|Any CPU
		{1D885866-2FA3-405E-A73F-13D98E308118}.Release|Any CPU.Build.0 = Release|Any CPU
	EndGlobalSection
	GlobalSection(SolutionProperties) = preSolution
		HideSolutionNode = FALSE
	EndGlobalSection
	GlobalSection(ExtensibilityGlobals) = postSolution
		SolutionGuid = {BC0EF9C8-9E01-4688-B4CE-EF642D1EC794}
	EndGlobalSection
EndGlobal
